// !$*UTF8*$!
{
	archiveVersion = 1;
	classes = {
	};
	objectVersion = 55;
	objects = {

/* Begin PBXBuildFile section */
		9206C07C27A1D44800F2538A /* Main.storyboard in Resources */ = {isa = PBXBuildFile; fileRef = 9206C07B27A1D44800F2538A /* Main.storyboard */; };
		9206C07E27A1D46F00F2538A /* SwiftUIView.swift in Sources */ = {isa = PBXBuildFile; fileRef = 9206C07D27A1D46F00F2538A /* SwiftUIView.swift */; };
		9206C08027A1D48000F2538A /* DataModels.swift in Sources */ = {isa = PBXBuildFile; fileRef = 9206C07F27A1D48000F2538A /* DataModels.swift */; };
		9206C08227A1D49200F2538A /* DataViewModels.swift in Sources */ = {isa = PBXBuildFile; fileRef = 9206C08127A1D49200F2538A /* DataViewModels.swift */; };
		9206C08527A1D4DB00F2538A /* FirebaseFirestore in Frameworks */ = {isa = PBXBuildFile; productRef = 9206C08427A1D4DB00F2538A /* FirebaseFirestore */; };
		92C1410B27A1D38F00D0856D /* AppDelegate.swift in Sources */ = {isa = PBXBuildFile; fileRef = 92C1410A27A1D38F00D0856D /* AppDelegate.swift */; };
		92C1410D27A1D38F00D0856D /* SceneDelegate.swift in Sources */ = {isa = PBXBuildFile; fileRef = 92C1410C27A1D38F00D0856D /* SceneDelegate.swift */; };
		92C1410F27A1D38F00D0856D /* ViewController.swift in Sources */ = {isa = PBXBuildFile; fileRef = 92C1410E27A1D38F00D0856D /* ViewController.swift */; };
		92C1411427A1D39100D0856D /* Assets.xcassets in Resources */ = {isa = PBXBuildFile; fileRef = 92C1411327A1D39100D0856D /* Assets.xcassets */; };
		92C1411F27A1D3ED00D0856D /* GoogleService-Info.plist in Resources */ = {isa = PBXBuildFile; fileRef = 92C1411E27A1D3ED00D0856D /* GoogleService-Info.plist */; };
/* End PBXBuildFile section */

/* Begin PBXFileReference section */
		9206C07B27A1D44800F2538A /* Main.storyboard */ = {isa = PBXFileReference; fileEncoding = 4; lastKnownFileType = file.storyboard; path = Main.storyboard; sourceTree = "<group>"; };
		9206C07D27A1D46F00F2538A /* SwiftUIView.swift */ = {isa = PBXFileReference; lastKnownFileType = sourcecode.swift; path = SwiftUIView.swift; sourceTree = "<group>"; };
		9206C07F27A1D48000F2538A /* DataModels.swift */ = {isa = PBXFileReference; lastKnownFileType = sourcecode.swift; path = DataModels.swift; sourceTree = "<group>"; };
		9206C08127A1D49200F2538A /* DataViewModels.swift */ = {isa = PBXFileReference; lastKnownFileType = sourcecode.swift; path = DataViewModels.swift; sourceTree = "<group>"; };
		92C1410727A1D38F00D0856D /* PSUApp4.app */ = {isa = PBXFileReference; explicitFileType = wrapper.application; includeInIndex = 0; path = PSUApp4.app; sourceTree = BUILT_PRODUCTS_DIR; };
		92C1410A27A1D38F00D0856D /* AppDelegate.swift */ = {isa = PBXFileReference; lastKnownFileType = sourcecode.swift; path = AppDelegate.swift; sourceTree = "<group>"; };
		92C1410C27A1D38F00D0856D /* SceneDelegate.swift */ = {isa = PBXFileReference; lastKnownFileType = sourcecode.swift; path = SceneDelegate.swift; sourceTree = "<group>"; };
		92C1410E27A1D38F00D0856D /* ViewController.swift */ = {isa = PBXFileReference; lastKnownFileType = sourcecode.swift; path = ViewController.swift; sourceTree = "<group>"; };
		92C1411327A1D39100D0856D /* Assets.xcassets */ = {isa = PBXFileReference; lastKnownFileType = folder.assetcatalog; path = Assets.xcassets; sourceTree = "<group>"; };
		92C1411827A1D39100D0856D /* Info.plist */ = {isa = PBXFileReference; lastKnownFileType = text.plist.xml; path = Info.plist; sourceTree = "<group>"; };
		92C1411E27A1D3ED00D0856D /* GoogleService-Info.plist */ = {isa = PBXFileReference; fileEncoding = 4; lastKnownFileType = text.plist.xml; path = "GoogleService-Info.plist"; sourceTree = "<group>"; };
/* End PBXFileReference section */

/* Begin PBXFrameworksBuildPhase section */
		92C1410427A1D38F00D0856D /* Frameworks */ = {
			isa = PBXFrameworksBuildPhase;
			buildActionMask = 2147483647;
			files = (
				9206C08527A1D4DB00F2538A /* FirebaseFirestore in Frameworks */,
			);
			runOnlyForDeploymentPostprocessing = 0;
		};
/* End PBXFrameworksBuildPhase section */

/* Begin PBXGroup section */
		92C140FE27A1D38F00D0856D = {
			isa = PBXGroup;
			children = (
				92C1410927A1D38F00D0856D /* PSUApp4 */,
				92C1410827A1D38F00D0856D /* Products */,
			);
			sourceTree = "<group>";
		};
		92C1410827A1D38F00D0856D /* Products */ = {
			isa = PBXGroup;
			children = (
				92C1410727A1D38F00D0856D /* PSUApp4.app */,
			);
			name = Products;
			sourceTree = "<group>";
		};
		92C1410927A1D38F00D0856D /* PSUApp4 */ = {
			isa = PBXGroup;
			children = (
				92C1410A27A1D38F00D0856D /* AppDelegate.swift */,
				92C1410C27A1D38F00D0856D /* SceneDelegate.swift */,
				92C1410E27A1D38F00D0856D /* ViewController.swift */,
				9206C07B27A1D44800F2538A /* Main.storyboard */,
				92C1411327A1D39100D0856D /* Assets.xcassets */,
				9206C07D27A1D46F00F2538A /* SwiftUIView.swift */,
				9206C07F27A1D48000F2538A /* DataModels.swift */,
				9206C08127A1D49200F2538A /* DataViewModels.swift */,
				92C1411827A1D39100D0856D /* Info.plist */,
				92C1411E27A1D3ED00D0856D /* GoogleService-Info.plist */,
			);
			path = PSUApp4;
			sourceTree = "<group>";
		};
/* End PBXGroup section */

/* Begin PBXNativeTarget section */
		92C1410627A1D38F00D0856D /* PSUApp4 */ = {
			isa = PBXNativeTarget;
			buildConfigurationList = 92C1411B27A1D39100D0856D /* Build configuration list for PBXNativeTarget "PSUApp4" */;
			buildPhases = (
				92C1410327A1D38F00D0856D /* Sources */,
				92C1410427A1D38F00D0856D /* Frameworks */,
				92C1410527A1D38F00D0856D /* Resources */,
			);
			buildRules = (
			);
			dependencies = (
			);
			name = PSUApp4;
			packageProductDependencies = (
				9206C08427A1D4DB00F2538A /* FirebaseFirestore */,
			);
			productName = PSUApp4;
			productReference = 92C1410727A1D38F00D0856D /* PSUApp4.app */;
			productType = "com.apple.product-type.application";
		};
/* End PBXNativeTarget section */

/* Begin PBXProject section */
		92C140FF27A1D38F00D0856D /* Project object */ = {
			isa = PBXProject;
			attributes = {
				BuildIndependentTargetsInParallel = 1;
				LastSwiftUpdateCheck = 1320;
				LastUpgradeCheck = 1320;
				TargetAttributes = {
					92C1410627A1D38F00D0856D = {
						CreatedOnToolsVersion = 13.2.1;
					};
				};
			};
			buildConfigurationList = 92C1410227A1D38F00D0856D /* Build configuration list for PBXProject "PSUApp4" */;
			compatibilityVersion = "Xcode 13.0";
			developmentRegion = en;
			hasScannedForEncodings = 0;
			knownRegions = (
				en,
				Base,
			);
			mainGroup = 92C140FE27A1D38F00D0856D;
			packageReferences = (
				9206C08327A1D4DB00F2538A /* XCRemoteSwiftPackageReference "firebase-ios-sdk" */,
			);
			productRefGroup = 92C1410827A1D38F00D0856D /* Products */;
			projectDirPath = "";
			projectRoot = "";
			targets = (
				92C1410627A1D38F00D0856D /* PSUApp4 */,
			);
		};
/* End PBXProject section */

/* Begin PBXResourcesBuildPhase section */
		92C1410527A1D38F00D0856D /* Resources */ = {
			isa = PBXResourcesBuildPhase;
			buildActionMask = 2147483647;
			files = (
				9206C07C27A1D44800F2538A /* Main.storyboard in Resources */,
				92C1411F27A1D3ED00D0856D /* GoogleService-Info.plist in Resources */,
				92C1411427A1D39100D0856D /* Assets.xcassets in Resources */,
			);
			runOnlyForDeploymentPostprocessing = 0;
		};
/* End PBXResourcesBuildPhase section */

/* Begin PBXSourcesBuildPhase section */
		92C1410327A1D38F00D0856D /* Sources */ = {
			isa = PBXSourcesBuildPhase;
			buildActionMask = 2147483647;
			files = (
				92C1410F27A1D38F00D0856D /* ViewController.swift in Sources */,
				92C1410B27A1D38F00D0856D /* AppDelegate.swift in Sources */,
				9206C08227A1D49200F2538A /* DataViewModels.swift in Sources */,
				9206C08027A1D48000F2538A /* DataModels.swift in Sources */,
				9206C07E27A1D46F00F2538A /* SwiftUIView.swift in Sources */,
				92C1410D27A1D38F00D0856D /* SceneDelegate.swift in Sources */,
			);
			runOnlyForDeploymentPostprocessing = 0;
		};
/* End PBXSourcesBuildPhase section */

/* Begin XCBuildConfiguration section */
		92C1411927A1D39100D0856D /* Debug */ = {
			isa = XCBuildConfiguration;
			buildSettings = {
				ALWAYS_SEARCH_USER_PATHS = NO;
				CLANG_ANALYZER_NONNULL = YES;
				CLANG_ANALYZER_NUMBER_OBJECT_CONVERSION = YES_AGGRESSIVE;
				CLANG_CXX_LANGUAGE_STANDARD = "gnu++17";
				CLANG_CXX_LIBRARY = "libc++";
				CLANG_ENABLE_MODULES = YES;
				CLANG_ENABLE_OBJC_ARC = YES;
				CLANG_ENABLE_OBJC_WEAK = YES;
				CLANG_WARN_BLOCK_CAPTURE_AUTORELEASING = YES;
				CLANG_WARN_BOOL_CONVERSION = YES;
				CLANG_WARN_COMMA = YES;
				CLANG_WARN_CONSTANT_CONVERSION = YES;
				CLANG_WARN_DEPRECATED_OBJC_IMPLEMENTATIONS = YES;
				CLANG_WARN_DIRECT_OBJC_ISA_USAGE = YES_ERROR;
				CLANG_WARN_DOCUMENTATION_COMMENTS = YES;
				CLANG_WARN_EMPTY_BODY = YES;
				CLANG_WARN_ENUM_CONVERSION = YES;
				CLANG_WARN_INFINITE_RECURSION = YES;
				CLANG_WARN_INT_CONVERSION = YES;
				CLANG_WARN_NON_LITERAL_NULL_CONVERSION = YES;
				CLANG_WARN_OBJC_IMPLICIT_RETAIN_SELF = YES;
				CLANG_WARN_OBJC_LITERAL_CONVERSION = YES;
				CLANG_WARN_OBJC_ROOT_CLASS = YES_ERROR;
				CLANG_WARN_QUOTED_INCLUDE_IN_FRAMEWORK_HEADER = YES;
				CLANG_WARN_RANGE_LOOP_ANALYSIS = YES;
				CLANG_WARN_STRICT_PROTOTYPES = YES;
				CLANG_WARN_SUSPICIOUS_MOVE = YES;
				CLANG_WARN_UNGUARDED_AVAILABILITY = YES_AGGRESSIVE;
				CLANG_WARN_UNREACHABLE_CODE = YES;
				CLANG_WARN__DUPLICATE_METHOD_MATCH = YES;
				COPY_PHASE_STRIP = NO;
				DEBUG_INFORMATION_FORMAT = dwarf;
				ENABLE_STRICT_OBJC_MSGSEND = YES;
				ENABLE_TESTABILITY = YES;
				GCC_C_LANGUAGE_STANDARD = gnu11;
				GCC_DYNAMIC_NO_PIC = NO;
				GCC_NO_COMMON_BLOCKS = YES;
				GCC_OPTIMIZATION_LEVEL = 0;
				GCC_PREPROCESSOR_DEFINITIONS = (
					"DEBUG=1",
					"$(inherited)",
				);
				GCC_WARN_64_TO_32_BIT_CONVERSION = YES;
				GCC_WARN_ABOUT_RETURN_TYPE = YES_ERROR;
				GCC_WARN_UNDECLARED_SELECTOR = YES;
				GCC_WARN_UNINITIALIZED_AUTOS = YES_AGGRESSIVE;
				GCC_WARN_UNUSED_FUNCTION = YES;
				GCC_WARN_UNUSED_VARIABLE = YES;
				IPHONEOS_DEPLOYMENT_TARGET = 15.2;
				MTL_ENABLE_DEBUG_INFO = INCLUDE_SOURCE;
				MTL_FAST_MATH = YES;
				ONLY_ACTIVE_ARCH = YES;
				SDKROOT = iphoneos;
				SWIFT_ACTIVE_COMPILATION_CONDITIONS = DEBUG;
				SWIFT_OPTIMIZATION_LEVEL = "-Onone";
			};
			name = Debug;
		};
		92C1411A27A1D39100D0856D /* Release */ = {
			isa = XCBuildConfiguration;
			buildSettings = {
				ALWAYS_SEARCH_USER_PATHS = NO;
				CLANG_ANALYZER_NONNULL = YES;
				CLANG_ANALYZER_NUMBER_OBJECT_CONVERSION = YES_AGGRESSIVE;
				CLANG_CXX_LANGUAGE_STANDARD = "gnu++17";
				CLANG_CXX_LIBRARY = "libc++";
				CLANG_ENABLE_MODULES = YES;
				CLANG_ENABLE_OBJC_ARC = YES;
				CLANG_ENABLE_OBJC_WEAK = YES;
				CLANG_WARN_BLOCK_CAPTURE_AUTORELEASING = YES;
				CLANG_WARN_BOOL_CONVERSION = YES;
				CLANG_WARN_COMMA = YES;
				CLANG_WARN_CONSTANT_CONVERSION = YES;
				CLANG_WARN_DEPRECATED_OBJC_IMPLEMENTATIONS = YES;
				CLANG_WARN_DIRECT_OBJC_ISA_USAGE = YES_ERROR;
				CLANG_WARN_DOCUMENTATION_COMMENTS = YES;
				CLANG_WARN_EMPTY_BODY = YES;
				CLANG_WARN_ENUM_CONVERSION = YES;
				CLANG_WARN_INFINITE_RECURSION = YES;
				CLANG_WARN_INT_CONVERSION = YES;
				CLANG_WARN_NON_LITERAL_NULL_CONVERSION = YES;
				CLANG_WARN_OBJC_IMPLICIT_RETAIN_SELF = YES;
				CLANG_WARN_OBJC_LITERAL_CONVERSION = YES;
				CLANG_WARN_OBJC_ROOT_CLASS = YES_ERROR;
				CLANG_WARN_QUOTED_INCLUDE_IN_FRAMEWORK_HEADER = YES;
				CLANG_WARN_RANGE_LOOP_ANALYSIS = YES;
				CLANG_WARN_STRICT_PROTOTYPES = YES;
				CLANG_WARN_SUSPICIOUS_MOVE = YES;
				CLANG_WARN_UNGUARDED_AVAILABILITY = YES_AGGRESSIVE;
				CLANG_WARN_UNREACHABLE_CODE = YES;
				CLANG_WARN__DUPLICATE_METHOD_MATCH = YES;
				COPY_PHASE_STRIP = NO;
				DEBUG_INFORMATION_FORMAT = "dwarf-with-dsym";
				ENABLE_NS_ASSERTIONS = NO;
				ENABLE_STRICT_OBJC_MSGSEND = YES;
				GCC_C_LANGUAGE_STANDARD = gnu11;
				GCC_NO_COMMON_BLOCKS = YES;
				GCC_WARN_64_TO_32_BIT_CONVERSION = YES;
				GCC_WARN_ABOUT_RETURN_TYPE = YES_ERROR;
				GCC_WARN_UNDECLARED_SELECTOR = YES;
				GCC_WARN_UNINITIALIZED_AUTOS = YES_AGGRESSIVE;
				GCC_WARN_UNUSED_FUNCTION = YES;
				GCC_WARN_UNUSED_VARIABLE = YES;
				IPHONEOS_DEPLOYMENT_TARGET = 15.2;
				MTL_ENABLE_DEBUG_INFO = NO;
				MTL_FAST_MATH = YES;
				SDKROOT = iphoneos;
				SWIFT_COMPILATION_MODE = wholemodule;
				SWIFT_OPTIMIZATION_LEVEL = "-O";
				VALIDATE_PRODUCT = YES;
			};
			name = Release;
		};
		92C1411C27A1D39100D0856D /* Debug */ = {
			isa = XCBuildConfiguration;
			buildSettings = {
				ASSETCATALOG_COMPILER_APPICON_NAME = AppIcon;
				ASSETCATALOG_COMPILER_GLOBAL_ACCENT_COLOR_NAME = AccentColor;
				CODE_SIGN_STYLE = Automatic;
				CURRENT_PROJECT_VERSION = 1;
				DEVELOPMENT_TEAM = 8LZNHKAHJK;
				GENERATE_INFOPLIST_FILE = YES;
				INFOPLIST_FILE = PSUApp4/Info.plist;
				INFOPLIST_KEY_UIApplicationSupportsIndirectInputEvents = YES;
				INFOPLIST_KEY_UILaunchStoryboardName = LaunchScreen;
				INFOPLIST_KEY_UIMainStoryboardFile = Main;
				INFOPLIST_KEY_UISupportedInterfaceOrientations_iPad = "UIInterfaceOrientationPortrait UIInterfaceOrientationPortraitUpsideDown UIInterfaceOrientationLandscapeLeft UIInterfaceOrientationLandscapeRight";
				INFOPLIST_KEY_UISupportedInterfaceOrientations_iPhone = "UIInterfaceOrientationPortrait UIInterfaceOrientationLandscapeLeft UIInterfaceOrientationLandscapeRight";
				LD_RUNPATH_SEARCH_PATHS = (
					"$(inherited)",
					"@executable_path/Frameworks",
				);
				MARKETING_VERSION = 1.0;
				PRODUCT_BUNDLE_IDENTIFIER = com.tony.PSUApp4;
				PRODUCT_NAME = "$(TARGET_NAME)";
				SWIFT_EMIT_LOC_STRINGS = YES;
				SWIFT_VERSION = 5.0;
				TARGETED_DEVICE_FAMILY = "1,2";
			};
			name = Debug;
		};
		92C1411D27A1D39100D0856D /* Release */ = {
			isa = XCBuildConfiguration;
			buildSettings = {
				ASSETCATALOG_COMPILER_APPICON_NAME = AppIcon;
				ASSETCATALOG_COMPILER_GLOBAL_ACCENT_COLOR_NAME = AccentColor;
				CODE_SIGN_STYLE = Automatic;
				CURRENT_PROJECT_VERSION = 1;
				DEVELOPMENT_TEAM = 8LZNHKAHJK;
				GENERATE_INFOPLIST_FILE = YES;
				INFOPLIST_FILE = PSUApp4/Info.plist;
				INFOPLIST_KEY_UIApplicationSupportsIndirectInputEvents = YES;
				INFOPLIST_KEY_UILaunchStoryboardName = LaunchScreen;
				INFOPLIST_KEY_UIMainStoryboardFile = Main;
				INFOPLIST_KEY_UISupportedInterfaceOrientations_iPad = "UIInterfaceOrientationPortrait UIInterfaceOrientationPortraitUpsideDown UIInterfaceOrientationLandscapeLeft UIInterfaceOrientationLandscapeRight";
				INFOPLIST_KEY_UISupportedInterfaceOrientations_iPhone = "UIInterfaceOrientationPortrait UIInterfaceOrientationLandscapeLeft UIInterfaceOrientationLandscapeRight";
				LD_RUNPATH_SEARCH_PATHS = (
					"$(inherited)",
					"@executable_path/Frameworks",
				);
				MARKETING_VERSION = 1.0;
				PRODUCT_BUNDLE_IDENTIFIER = com.tony.PSUApp4;
				PRODUCT_NAME = "$(TARGET_NAME)";
				SWIFT_EMIT_LOC_STRINGS = YES;
				SWIFT_VERSION = 5.0;
				TARGETED_DEVICE_FAMILY = "1,2";
			};
			name = Release;
		};
/* End XCBuildConfiguration section */

/* Begin XCConfigurationList section */
		92C1410227A1D38F00D0856D /* Build configuration list for PBXProject "PSUApp4" */ = {
			isa = XCConfigurationList;
			buildConfigurations = (
				92C1411927A1D39100D0856D /* Debug */,
				92C1411A27A1D39100D0856D /* Release */,
			);
			defaultConfigurationIsVisible = 0;
			defaultConfigurationName = Release;
		};
		92C1411B27A1D39100D0856D /* Build configuration list for PBXNativeTarget "PSUApp4" */ = {
			isa = XCConfigurationList;
			buildConfigurations = (
				92C1411C27A1D39100D0856D /* Debug */,
				92C1411D27A1D39100D0856D /* Release */,
			);
			defaultConfigurationIsVisible = 0;
			defaultConfigurationName = Release;
		};
/* End XCConfigurationList section */

/* Begin XCRemoteSwiftPackageReference section */
		9206C08327A1D4DB00F2538A /* XCRemoteSwiftPackageReference "firebase-ios-sdk" */ = {
			isa = XCRemoteSwiftPackageReference;
			repositoryURL = "https://github.com/firebase/firebase-ios-sdk";
			requirement = {
				branch = master;
				kind = branch;
			};
		};
/* End XCRemoteSwiftPackageReference section */

/* Begin XCSwiftPackageProductDependency section */
		9206C08427A1D4DB00F2538A /* FirebaseFirestore */ = {
			isa = XCSwiftPackageProductDependency;
			package = 9206C08327A1D4DB00F2538A /* XCRemoteSwiftPackageReference "firebase-ios-sdk" */;
			productName = FirebaseFirestore;
		};
/* End XCSwiftPackageProductDependency section */
	};
	rootObject = 92C140FF27A1D38F00D0856D /* Project object */;
}
